
Microsoft Visual Studio Solution File, Format Version 12.00
# Visual Studio Version 16
VisualStudioVersion = 16.0.30503.244
MinimumVisualStudioVersion = 10.0.40219.1
Project("{FAE04EC0-301F-11D3-BF4B-00C04F79EFBC}") = "kinoPokladna", "kinoPokladna\kinoPokladna.csproj", "{565DB06D-9D51-447A-A0A7-01AE72C52507}"
EndProject
Global
	GlobalSection(SolutionConfigurationPlatforms) = preSolution
		Debug|Any CPU = Debug|Any CPU
		Release|Any CPU = Release|Any CPU
	EndGlobalSection
	GlobalSection(ProjectConfigurationPlatforms) = postSolution
		{565DB06D-9D51-447A-A0A7-01AE72C52507}.Debug|Any CPU.ActiveCfg = Debug|Any CPU
		{565DB06D-9D51-447A-A0A7-01AE72C52507}.Debug|Any CPU.Build.0 = Debug|Any CPU
		{565DB06D-9D51-447A-A0A7-01AE72C52507}.Release|Any CPU.ActiveCfg = Release|Any CPU
		{565DB06D-9D51-447A-A0A7-01AE72C52507}.Release|Any CPU.Build.0 = Release|Any CPU
	EndGlobalSection
	GlobalSection(SolutionProperties) = preSolution
		HideSolutionNode = FALSE
	EndGlobalSection
	GlobalSection(ExtensibilityGlobals) = postSolution
		SolutionGuid = {5DF13E27-ECDF-4975-8D8D-50F2DA061B96}
	EndGlobalSection
EndGlobal
